
Microsoft Visual Studio Solution File, Format Version 12.00
# Visual Studio Version 17
VisualStudioVersion = 17.4.33103.184
MinimumVisualStudioVersion = 10.0.40219.1
Project("{2150E333-8FDC-42A3-9474-1A3956D46DE8}") = "Core", "Core", "{BAA1C107-E82E-4418-9D4A-E72EC5CC6D62}"
EndProject
Project("{2150E333-8FDC-42A3-9474-1A3956D46DE8}") = "Infrastructure", "Infrastructure", "{6046BDDD-68AA-4837-8829-45DC770B73B7}"
EndProject
Project("{2150E333-8FDC-42A3-9474-1A3956D46DE8}") = "Presentation", "Presentation", "{C65AE953-B248-422E-8992-95393892080D}"
EndProject
Project("{FAE04EC0-301F-11D3-BF4B-00C04F79EFBC}") = "ETicaretAPI.Application", "Core,\ETicaretAPI.Application\ETicaretAPI.Application.csproj", "{2723743A-CA00-48B5-96C4-2EECE827841F}"
EndProject
Project("{FAE04EC0-301F-11D3-BF4B-00C04F79EFBC}") = "ETicaretAPI.Doamin", "Core\ETicaretAPI.Doamin\ETicaretAPI.Doamin.csproj", "{58E6E3E6-71FB-4189-BE29-F030CCCFF2B9}"
EndProject
Project("{FAE04EC0-301F-11D3-BF4B-00C04F79EFBC}") = "ETicaretAPI.Infrastructure", "Infrastructure\ETicaretAPI.Infrastructure\ETicaretAPI.Infrastructure.csproj", "{819F6804-10C5-408E-A8EB-36E5044BBD12}"
EndProject
Project("{FAE04EC0-301F-11D3-BF4B-00C04F79EFBC}") = "ETicaretAPI.Persistence", "Infrastructure\ETicaretAPI.Persistence\ETicaretAPI.Persistence.csproj", "{B59F4E5F-46CD-4922-85D9-6A651D6150B2}"
EndProject
Project("{FAE04EC0-301F-11D3-BF4B-00C04F79EFBC}") = "ETicaretAPI.API", "Presentation\ETicaretAPI.API\ETicaretAPI.API.csproj", "{E501F5D8-2189-4697-8E3A-1CC1BDA21D47}"
EndProject
Global
	GlobalSection(SolutionConfigurationPlatforms) = preSolution
		Debug|Any CPU = Debug|Any CPU
		Release|Any CPU = Release|Any CPU
	EndGlobalSection
	GlobalSection(ProjectConfigurationPlatforms) = postSolution
		{2723743A-CA00-48B5-96C4-2EECE827841F}.Debug|Any CPU.ActiveCfg = Debug|Any CPU
		{2723743A-CA00-48B5-96C4-2EECE827841F}.Debug|Any CPU.Build.0 = Debug|Any CPU
		{2723743A-CA00-48B5-96C4-2EECE827841F}.Release|Any CPU.ActiveCfg = Release|Any CPU
		{2723743A-CA00-48B5-96C4-2EECE827841F}.Release|Any CPU.Build.0 = Release|Any CPU
		{58E6E3E6-71FB-4189-BE29-F030CCCFF2B9}.Debug|Any CPU.ActiveCfg = Debug|Any CPU
		{58E6E3E6-71FB-4189-BE29-F030CCCFF2B9}.Debug|Any CPU.Build.0 = Debug|Any CPU
		{58E6E3E6-71FB-4189-BE29-F030CCCFF2B9}.Release|Any CPU.ActiveCfg = Release|Any CPU
		{58E6E3E6-71FB-4189-BE29-F030CCCFF2B9}.Release|Any CPU.Build.0 = Release|Any CPU
		{819F6804-10C5-408E-A8EB-36E5044BBD12}.Debug|Any CPU.ActiveCfg = Debug|Any CPU
		{819F6804-10C5-408E-A8EB-36E5044BBD12}.Debug|Any CPU.Build.0 = Debug|Any CPU
		{819F6804-10C5-408E-A8EB-36E5044BBD12}.Release|Any CPU.ActiveCfg = Release|Any CPU
		{819F6804-10C5-408E-A8EB-36E5044BBD12}.Release|Any CPU.Build.0 = Release|Any CPU
		{B59F4E5F-46CD-4922-85D9-6A651D6150B2}.Debug|Any CPU.ActiveCfg = Debug|Any CPU
		{B59F4E5F-46CD-4922-85D9-6A651D6150B2}.Debug|Any CPU.Build.0 = Debug|Any CPU
		{B59F4E5F-46CD-4922-85D9-6A651D6150B2}.Release|Any CPU.ActiveCfg = Release|Any CPU
		{B59F4E5F-46CD-4922-85D9-6A651D6150B2}.Release|Any CPU.Build.0 = Release|Any CPU
		{E501F5D8-2189-4697-8E3A-1CC1BDA21D47}.Debug|Any CPU.ActiveCfg = Debug|Any CPU
		{E501F5D8-2189-4697-8E3A-1CC1BDA21D47}.Debug|Any CPU.Build.0 = Debug|Any CPU
		{E501F5D8-2189-4697-8E3A-1CC1BDA21D47}.Release|Any CPU.ActiveCfg = Release|Any CPU
		{E501F5D8-2189-4697-8E3A-1CC1BDA21D47}.Release|Any CPU.Build.0 = Release|Any CPU
	EndGlobalSection
	GlobalSection(SolutionProperties) = preSolution
		HideSolutionNode = FALSE
	EndGlobalSection
	GlobalSection(NestedProjects) = preSolution
		{2723743A-CA00-48B5-96C4-2EECE827841F} = {BAA1C107-E82E-4418-9D4A-E72EC5CC6D62}
		{58E6E3E6-71FB-4189-BE29-F030CCCFF2B9} = {BAA1C107-E82E-4418-9D4A-E72EC5CC6D62}
		{819F6804-10C5-408E-A8EB-36E5044BBD12} = {6046BDDD-68AA-4837-8829-45DC770B73B7}
		{B59F4E5F-46CD-4922-85D9-6A651D6150B2} = {6046BDDD-68AA-4837-8829-45DC770B73B7}
		{E501F5D8-2189-4697-8E3A-1CC1BDA21D47} = {C65AE953-B248-422E-8992-95393892080D}
	EndGlobalSection
	GlobalSection(ExtensibilityGlobals) = postSolution
		SolutionGuid = {2E7005F8-7E69-45B4-8870-EC4E982BC501}
	EndGlobalSection
EndGlobal
